
Microsoft Visual Studio Solution File, Format Version 12.00
# Visual Studio Version 17
VisualStudioVersion = 17.0.32112.339
MinimumVisualStudioVersion = 10.0.40219.1
Project("{9A19103F-16F7-4668-BE54-9A1E7A4F7556}") = "DealershipManagement.WebApi", "DealershipManagement.WebApi\DealershipManagement.WebApi.csproj", "{1D9C9E01-4A30-476D-BE8A-02757182DE95}"
EndProject
Project("{2150E333-8FDC-42A3-9474-1A3956D46DE8}") = "DealershipManagement.Core", "DealershipManagement.Core", "{354885E8-D88F-43BC-A957-BB8A68C0D174}"
EndProject
Project("{9A19103F-16F7-4668-BE54-9A1E7A4F7556}") = "DealershipManagement.Entities", "DealershipManagement.Entities\DealershipManagement.Entities.csproj", "{E0A1A143-84EB-4192-8570-5F0D92116787}"
EndProject
Project("{FAE04EC0-301F-11D3-BF4B-00C04F79EFBC}") = "DealershipManagement.DataAccess", "DealershipManagement.DataAccess\DealershipManagement.DataAccess.csproj", "{8C0223D1-EAF7-4DC2-A6D0-9C16A54C775E}"
EndProject
Project("{FAE04EC0-301F-11D3-BF4B-00C04F79EFBC}") = "DealershipManagement.Common", "DealershipManagement.Common\DealershipManagement.Common.csproj", "{C4A1791A-3867-4EB2-B8DB-7DF3137C1153}"
EndProject
Project("{FAE04EC0-301F-11D3-BF4B-00C04F79EFBC}") = "DealershipManagement.Services", "DealershipManagement.Services\DealershipManagement.Services.csproj", "{74E33128-C7CE-4F55-B42E-48089C79B37A}"
EndProject
Project("{FAE04EC0-301F-11D3-BF4B-00C04F79EFBC}") = "DealershipManagement.DataTransferObjects", "DealershipManagement.DataTransferObjects\DealershipManagement.DataTransferObjects.csproj", "{A030B74D-5C62-486B-B72E-8DA39E42791C}"
EndProject
Global
	GlobalSection(SolutionConfigurationPlatforms) = preSolution
		Debug|Any CPU = Debug|Any CPU
		Release|Any CPU = Release|Any CPU
	EndGlobalSection
	GlobalSection(ProjectConfigurationPlatforms) = postSolution
		{1D9C9E01-4A30-476D-BE8A-02757182DE95}.Debug|Any CPU.ActiveCfg = Debug|Any CPU
		{1D9C9E01-4A30-476D-BE8A-02757182DE95}.Debug|Any CPU.Build.0 = Debug|Any CPU
		{1D9C9E01-4A30-476D-BE8A-02757182DE95}.Release|Any CPU.ActiveCfg = Release|Any CPU
		{1D9C9E01-4A30-476D-BE8A-02757182DE95}.Release|Any CPU.Build.0 = Release|Any CPU
		{E0A1A143-84EB-4192-8570-5F0D92116787}.Debug|Any CPU.ActiveCfg = Debug|Any CPU
		{E0A1A143-84EB-4192-8570-5F0D92116787}.Debug|Any CPU.Build.0 = Debug|Any CPU
		{E0A1A143-84EB-4192-8570-5F0D92116787}.Release|Any CPU.ActiveCfg = Release|Any CPU
		{E0A1A143-84EB-4192-8570-5F0D92116787}.Release|Any CPU.Build.0 = Release|Any CPU
		{8C0223D1-EAF7-4DC2-A6D0-9C16A54C775E}.Debug|Any CPU.ActiveCfg = Debug|Any CPU
		{8C0223D1-EAF7-4DC2-A6D0-9C16A54C775E}.Debug|Any CPU.Build.0 = Debug|Any CPU
		{8C0223D1-EAF7-4DC2-A6D0-9C16A54C775E}.Release|Any CPU.ActiveCfg = Release|Any CPU
		{8C0223D1-EAF7-4DC2-A6D0-9C16A54C775E}.Release|Any CPU.Build.0 = Release|Any CPU
		{C4A1791A-3867-4EB2-B8DB-7DF3137C1153}.Debug|Any CPU.ActiveCfg = Debug|Any CPU
		{C4A1791A-3867-4EB2-B8DB-7DF3137C1153}.Debug|Any CPU.Build.0 = Debug|Any CPU
		{C4A1791A-3867-4EB2-B8DB-7DF3137C1153}.Release|Any CPU.ActiveCfg = Release|Any CPU
		{C4A1791A-3867-4EB2-B8DB-7DF3137C1153}.Release|Any CPU.Build.0 = Release|Any CPU
		{74E33128-C7CE-4F55-B42E-48089C79B37A}.Debug|Any CPU.ActiveCfg = Debug|Any CPU
		{74E33128-C7CE-4F55-B42E-48089C79B37A}.Debug|Any CPU.Build.0 = Debug|Any CPU
		{74E33128-C7CE-4F55-B42E-48089C79B37A}.Release|Any CPU.ActiveCfg = Release|Any CPU
		{74E33128-C7CE-4F55-B42E-48089C79B37A}.Release|Any CPU.Build.0 = Release|Any CPU
		{A030B74D-5C62-486B-B72E-8DA39E42791C}.Debug|Any CPU.ActiveCfg = Debug|Any CPU
		{A030B74D-5C62-486B-B72E-8DA39E42791C}.Debug|Any CPU.Build.0 = Debug|Any CPU
		{A030B74D-5C62-486B-B72E-8DA39E42791C}.Release|Any CPU.ActiveCfg = Release|Any CPU
		{A030B74D-5C62-486B-B72E-8DA39E42791C}.Release|Any CPU.Build.0 = Release|Any CPU
	EndGlobalSection
	GlobalSection(SolutionProperties) = preSolution
		HideSolutionNode = FALSE
	EndGlobalSection
	GlobalSection(NestedProjects) = preSolution
		{E0A1A143-84EB-4192-8570-5F0D92116787} = {354885E8-D88F-43BC-A957-BB8A68C0D174}
		{8C0223D1-EAF7-4DC2-A6D0-9C16A54C775E} = {354885E8-D88F-43BC-A957-BB8A68C0D174}
		{C4A1791A-3867-4EB2-B8DB-7DF3137C1153} = {354885E8-D88F-43BC-A957-BB8A68C0D174}
		{74E33128-C7CE-4F55-B42E-48089C79B37A} = {354885E8-D88F-43BC-A957-BB8A68C0D174}
		{A030B74D-5C62-486B-B72E-8DA39E42791C} = {354885E8-D88F-43BC-A957-BB8A68C0D174}
	EndGlobalSection
	GlobalSection(ExtensibilityGlobals) = postSolution
		SolutionGuid = {7974971A-6241-4C41-830D-7FA7D3497F8E}
	EndGlobalSection
EndGlobal
